
Microsoft Visual Studio Solution File, Format Version 12.00
# Visual Studio Version 16
VisualStudioVersion = 16.0.28803.352
MinimumVisualStudioVersion = 10.0.40219.1
Project("{2150E333-8FDC-42A3-9474-1A3956D46DE8}") = "Solution Items", "Solution Items", "{513CE2B5-E0D6-43BC-998A-A02CB2875479}"
	ProjectSection(SolutionItems) = preProject
		.editorconfig = .editorconfig
		.gitignore = .gitignore
		Directory.Build.props = Directory.Build.props
		JWT.sln.DotSettings = JWT.sln.DotSettings
		JwtStrongNameKey.snk = JwtStrongNameKey.snk
		LICENSE.md = LICENSE.md
		NuGet.config = NuGet.config
		README.md = README.md
	EndProjectSection
EndProject
Project("{9A19103F-16F7-4668-BE54-9A1E7A4F7556}") = "JWT", "src\JWT\JWT.csproj", "{2F79EB8D-5B33-4EA6-AC1A-89B107F043D2}"
EndProject
Project("{9A19103F-16F7-4668-BE54-9A1E7A4F7556}") = "JWT.Tests.Common", "tests\JWT.Tests.Common\JWT.Tests.Common.csproj", "{5D0282D5-9CC4-4D42-A3F0-E18270F92184}"
EndProject
Project("{2150E333-8FDC-42A3-9474-1A3956D46DE8}") = ".pipelines", ".pipelines", "{BC7D1169-0261-419F-84F2-6312910AD508}"
	ProjectSection(SolutionItems) = preProject
		.pipelines\build.yml = .pipelines\build.yml
	EndProjectSection
EndProject
Project("{9A19103F-16F7-4668-BE54-9A1E7A4F7556}") = "JWT.Extensions.AspNetCore", "src\JWT.Extensions.AspNetCore\JWT.Extensions.AspNetCore.csproj", "{3AC25D69-9863-45ED-A767-2809C46CB5A1}"
EndProject
Project("{9A19103F-16F7-4668-BE54-9A1E7A4F7556}") = "JWT.Extensions.AspNetCore.Tests", "tests\JWT.Extensions.AspNetCore.Tests\JWT.Extensions.AspNetCore.Tests.csproj", "{319388E9-1529-46B2-A230-2B978BAC4649}"
EndProject
Project("{9A19103F-16F7-4668-BE54-9A1E7A4F7556}") = "JWT.Extensions.Owin", "src\JWT.Extensions.Owin\JWT.Extensions.Owin.csproj", "{D3001A7C-5C10-4393-8713-F8C899F91A4A}"
EndProject
Project("{9A19103F-16F7-4668-BE54-9A1E7A4F7556}") = "JWT.Extensions.Owin.Tests", "tests\JWT.Extensions.Owin.Tests\JWT.Extensions.Owin.Tests.csproj", "{4B65AB99-C173-4B8E-B535-95008F4B4328}"
EndProject
Project("{9A19103F-16F7-4668-BE54-9A1E7A4F7556}") = "JWT.Tests.NetCore2", "tests\JWT.Tests.NetCore2\JWT.Tests.NetCore2.csproj", "{2433BAFA-2C09-44F4-A172-E0F7CA6688C3}"
EndProject
Project("{9A19103F-16F7-4668-BE54-9A1E7A4F7556}") = "JWT.Tests.NetCore3", "tests\JWT.Tests.NetCore3\JWT.Tests.NetCore3.csproj", "{559F1CBB-DB9C-4149-BEAC-417DA1BBB162}"
EndProject
Project("{9A19103F-16F7-4668-BE54-9A1E7A4F7556}") = "JWT.Tests.Net35", "tests\JWT.Tests.Net35\JWT.Tests.Net35.csproj", "{30D3D291-2C79-4CDD-94D3-C834A4995149}"
EndProject
Project("{9A19103F-16F7-4668-BE54-9A1E7A4F7556}") = "JWT.Tests.Net40", "tests\JWT.Tests.Net40\JWT.Tests.Net40.csproj", "{53CA6EF4-9C1E-4BDB-9829-CCD5C581DC00}"
EndProject
Project("{9A19103F-16F7-4668-BE54-9A1E7A4F7556}") = "JWT.Tests.Net46", "tests\JWT.Tests.Net46\JWT.Tests.Net46.csproj", "{78D9FDC0-9CFB-447B-B373-D43EB8122D10}"
EndProject
Project("{9A19103F-16F7-4668-BE54-9A1E7A4F7556}") = "JWT.Tests.Net50", "tests\JWT.Tests.Net50\JWT.Tests.Net50.csproj", "{2ACE4343-0E79-493E-8FAF-DC2B6D0F5C73}"
EndProject
Global
	GlobalSection(SolutionConfigurationPlatforms) = preSolution
		Debug|Any CPU = Debug|Any CPU
		Release|Any CPU = Release|Any CPU
	EndGlobalSection
	GlobalSection(ProjectConfigurationPlatforms) = postSolution
		{2F79EB8D-5B33-4EA6-AC1A-89B107F043D2}.Debug|Any CPU.ActiveCfg = Debug|Any CPU
		{2F79EB8D-5B33-4EA6-AC1A-89B107F043D2}.Debug|Any CPU.Build.0 = Debug|Any CPU
		{2F79EB8D-5B33-4EA6-AC1A-89B107F043D2}.Release|Any CPU.ActiveCfg = Release|Any CPU
		{2F79EB8D-5B33-4EA6-AC1A-89B107F043D2}.Release|Any CPU.Build.0 = Release|Any CPU
		{5D0282D5-9CC4-4D42-A3F0-E18270F92184}.Debug|Any CPU.ActiveCfg = Debug|Any CPU
		{5D0282D5-9CC4-4D42-A3F0-E18270F92184}.Debug|Any CPU.Build.0 = Debug|Any CPU
		{5D0282D5-9CC4-4D42-A3F0-E18270F92184}.Release|Any CPU.ActiveCfg = Release|Any CPU
		{5D0282D5-9CC4-4D42-A3F0-E18270F92184}.Release|Any CPU.Build.0 = Release|Any CPU
		{3AC25D69-9863-45ED-A767-2809C46CB5A1}.Debug|Any CPU.ActiveCfg = Debug|Any CPU
		{3AC25D69-9863-45ED-A767-2809C46CB5A1}.Debug|Any CPU.Build.0 = Debug|Any CPU
		{3AC25D69-9863-45ED-A767-2809C46CB5A1}.Release|Any CPU.ActiveCfg = Release|Any CPU
		{3AC25D69-9863-45ED-A767-2809C46CB5A1}.Release|Any CPU.Build.0 = Release|Any CPU
		{319388E9-1529-46B2-A230-2B978BAC4649}.Debug|Any CPU.ActiveCfg = Debug|Any CPU
		{319388E9-1529-46B2-A230-2B978BAC4649}.Debug|Any CPU.Build.0 = Debug|Any CPU
		{319388E9-1529-46B2-A230-2B978BAC4649}.Release|Any CPU.ActiveCfg = Release|Any CPU
		{319388E9-1529-46B2-A230-2B978BAC4649}.Release|Any CPU.Build.0 = Release|Any CPU
		{D3001A7C-5C10-4393-8713-F8C899F91A4A}.Debug|Any CPU.ActiveCfg = Debug|Any CPU
		{D3001A7C-5C10-4393-8713-F8C899F91A4A}.Debug|Any CPU.Build.0 = Debug|Any CPU
		{D3001A7C-5C10-4393-8713-F8C899F91A4A}.Release|Any CPU.ActiveCfg = Release|Any CPU
		{D3001A7C-5C10-4393-8713-F8C899F91A4A}.Release|Any CPU.Build.0 = Release|Any CPU
		{4B65AB99-C173-4B8E-B535-95008F4B4328}.Debug|Any CPU.ActiveCfg = Debug|Any CPU
		{4B65AB99-C173-4B8E-B535-95008F4B4328}.Debug|Any CPU.Build.0 = Debug|Any CPU
		{4B65AB99-C173-4B8E-B535-95008F4B4328}.Release|Any CPU.ActiveCfg = Release|Any CPU
		{4B65AB99-C173-4B8E-B535-95008F4B4328}.Release|Any CPU.Build.0 = Release|Any CPU
		{2433BAFA-2C09-44F4-A172-E0F7CA6688C3}.Debug|Any CPU.ActiveCfg = Debug|Any CPU
		{2433BAFA-2C09-44F4-A172-E0F7CA6688C3}.Release|Any CPU.ActiveCfg = Release|Any CPU
		{2433BAFA-2C09-44F4-A172-E0F7CA6688C3}.Release|Any CPU.Build.0 = Release|Any CPU
		{559F1CBB-DB9C-4149-BEAC-417DA1BBB162}.Debug|Any CPU.ActiveCfg = Debug|Any CPU
		{559F1CBB-DB9C-4149-BEAC-417DA1BBB162}.Debug|Any CPU.Build.0 = Debug|Any CPU
		{559F1CBB-DB9C-4149-BEAC-417DA1BBB162}.Release|Any CPU.ActiveCfg = Release|Any CPU
		{559F1CBB-DB9C-4149-BEAC-417DA1BBB162}.Release|Any CPU.Build.0 = Release|Any CPU
		{30D3D291-2C79-4CDD-94D3-C834A4995149}.Debug|Any CPU.ActiveCfg = Debug|Any CPU
		{30D3D291-2C79-4CDD-94D3-C834A4995149}.Release|Any CPU.ActiveCfg = Release|Any CPU
		{30D3D291-2C79-4CDD-94D3-C834A4995149}.Release|Any CPU.Build.0 = Release|Any CPU
		{53CA6EF4-9C1E-4BDB-9829-CCD5C581DC00}.Debug|Any CPU.ActiveCfg = Debug|Any CPU
		{53CA6EF4-9C1E-4BDB-9829-CCD5C581DC00}.Release|Any CPU.ActiveCfg = Release|Any CPU
		{53CA6EF4-9C1E-4BDB-9829-CCD5C581DC00}.Release|Any CPU.Build.0 = Release|Any CPU
		{78D9FDC0-9CFB-447B-B373-D43EB8122D10}.Debug|Any CPU.ActiveCfg = Debug|Any CPU
		{78D9FDC0-9CFB-447B-B373-D43EB8122D10}.Release|Any CPU.ActiveCfg = Release|Any CPU
		{78D9FDC0-9CFB-447B-B373-D43EB8122D10}.Release|Any CPU.Build.0 = Release|Any CPU
		{2ACE4343-0E79-493E-8FAF-DC2B6D0F5C73}.Debug|Any CPU.ActiveCfg = Debug|Any CPU
		{2ACE4343-0E79-493E-8FAF-DC2B6D0F5C73}.Debug|Any CPU.Build.0 = Debug|Any CPU
		{2ACE4343-0E79-493E-8FAF-DC2B6D0F5C73}.Release|Any CPU.ActiveCfg = Release|Any CPU
		{2ACE4343-0E79-493E-8FAF-DC2B6D0F5C73}.Release|Any CPU.Build.0 = Release|Any CPU
	EndGlobalSection
	GlobalSection(SolutionProperties) = preSolution
		HideSolutionNode = FALSE
	EndGlobalSection
	GlobalSection(NestedProjects) = preSolution
		{BC7D1169-0261-419F-84F2-6312910AD508} = {513CE2B5-E0D6-43BC-998A-A02CB2875479}
	EndGlobalSection
	GlobalSection(ExtensibilityGlobals) = postSolution
		SolutionGuid = {E1410453-72A1-44D5-AE80-32835754BEDA}
	EndGlobalSection
EndGlobal
