
Microsoft Visual Studio Solution File, Format Version 12.00
# Visual Studio 2013
VisualStudioVersion = 12.0.31101.0
MinimumVisualStudioVersion = 10.0.40219.1
Project("{FAE04EC0-301F-11D3-BF4B-00C04F79EFBC}") = "JWT", "JWT\JWT.csproj", "{A80B51B8-DDF6-4026-98A4-B59653E50B38}"
EndProject
Project("{FAE04EC0-301F-11D3-BF4B-00C04F79EFBC}") = "JWT.Portable", "JWT.Portable\JWT.Portable.csproj", "{153F50C4-C50A-4C3F-AA7B-16A19A3015E7}"
EndProject
Global
	GlobalSection(SolutionConfigurationPlatforms) = preSolution
		Debug|Any CPU = Debug|Any CPU
		Release|Any CPU = Release|Any CPU
	EndGlobalSection
	GlobalSection(ProjectConfigurationPlatforms) = postSolution
		{A80B51B8-DDF6-4026-98A4-B59653E50B38}.Debug|Any CPU.ActiveCfg = Debug|Any CPU
		{A80B51B8-DDF6-4026-98A4-B59653E50B38}.Debug|Any CPU.Build.0 = Debug|Any CPU
		{A80B51B8-DDF6-4026-98A4-B59653E50B38}.Release|Any CPU.ActiveCfg = Release|Any CPU
		{A80B51B8-DDF6-4026-98A4-B59653E50B38}.Release|Any CPU.Build.0 = Release|Any CPU
		{153F50C4-C50A-4C3F-AA7B-16A19A3015E7}.Debug|Any CPU.ActiveCfg = Debug|Any CPU
		{153F50C4-C50A-4C3F-AA7B-16A19A3015E7}.Debug|Any CPU.Build.0 = Debug|Any CPU
		{153F50C4-C50A-4C3F-AA7B-16A19A3015E7}.Release|Any CPU.ActiveCfg = Release|Any CPU
		{153F50C4-C50A-4C3F-AA7B-16A19A3015E7}.Release|Any CPU.Build.0 = Release|Any CPU
	EndGlobalSection
	GlobalSection(SolutionProperties) = preSolution
		HideSolutionNode = FALSE
	EndGlobalSection
EndGlobal
